// !$*UTF8*$!
{
	archiveVersion = 1;
	classes = {
	};
	objectVersion = 42;
	objects = {

/* Begin PBXAggregateTarget section */
		6A9FA557024694440CC91562 /* wbp */ = {
			isa = PBXAggregateTarget;
			buildConfigurationList = 4CEBA75808679E4D0015D03E /* Build configuration list for PBXAggregateTarget "wbp" */;
			buildPhases = (
			);
			dependencies = (
				4CEBA79A08679F280015D03E /* PBXTargetDependency */,
			);
			name = wbp;
			productName = JNIApplication;
		};
/* End PBXAggregateTarget section */

/* Begin PBXBuildFile section */
		4CEBA79C08679F510015D03E /* JavaVM.framework in Frameworks */ = {isa = PBXBuildFile; fileRef = 6AE2200B0208CA9C0CC91562 /* JavaVM.framework */; };
		CB1996230B8B29A000263772 /* wbp.c in Sources */ = {isa = PBXBuildFile; fileRef = CB1996220B8B29A000263772 /* wbp.c */; };
		CB19971B0B8B2FDB00263772 /* Carbon.framework in Frameworks */ = {isa = PBXBuildFile; fileRef = CB19971A0B8B2FDB00263772 /* Carbon.framework */; };
/* End PBXBuildFile section */

/* Begin PBXContainerItemProxy section */
		4CEBA79908679F280015D03E /* PBXContainerItemProxy */ = {
			isa = PBXContainerItemProxy;
			containerPortal = 00E6828EFEC88D1A11DB9C8B /* Project object */;
			proxyType = 1;
			remoteGlobalIDString = 4CEBA78E08679EF10015D03E;
			remoteInfo = JNILib;
		};
/* End PBXContainerItemProxy section */

/* Begin PBXFileReference section */
		4CEBA78F08679EF10015D03E /* libwbp.jnilib */ = {isa = PBXFileReference; explicitFileType = "compiled.mach-o.dylib"; includeInIndex = 0; path = libwbp.jnilib; sourceTree = BUILT_PRODUCTS_DIR; };
		6AE2200B0208CA9C0CC91562 /* JavaVM.framework */ = {isa = PBXFileReference; lastKnownFileType = wrapper.framework; name = JavaVM.framework; path = /System/Library/Frameworks/JavaVM.framework; sourceTree = "<absolute>"; };
		CB19961E0B8B279F00263772 /* wbp.h */ = {isa = PBXFileReference; fileEncoding = 30; lastKnownFileType = sourcecode.c.h; path = wbp.h; sourceTree = "<group>"; };
		CB1996220B8B29A000263772 /* wbp.c */ = {isa = PBXFileReference; fileEncoding = 30; lastKnownFileType = sourcecode.c.c; path = wbp.c; sourceTree = "<group>"; };
		CB19971A0B8B2FDB00263772 /* Carbon.framework */ = {isa = PBXFileReference; lastKnownFileType = wrapper.framework; name = Carbon.framework; path = /System/Library/Frameworks/Carbon.framework; sourceTree = "<absolute>"; };
/* End PBXFileReference section */

/* Begin PBXFrameworksBuildPhase section */
		4CEBA78D08679EF10015D03E /* Frameworks */ = {
			isa = PBXFrameworksBuildPhase;
			buildActionMask = 2147483647;
			files = (
				4CEBA79C08679F510015D03E /* JavaVM.framework in Frameworks */,
				CB19971B0B8B2FDB00263772 /* Carbon.framework in Frameworks */,
			);
			runOnlyForDeploymentPostprocessing = 0;
		};
/* End PBXFrameworksBuildPhase section */

/* Begin PBXGroup section */
		00E6828FFEC88D1A11DB9C8B = {
			isa = PBXGroup;
			children = (
				CB1996220B8B29A000263772 /* wbp.c */,
				CB19961E0B8B279F00263772 /* wbp.h */,
				CB19971A0B8B2FDB00263772 /* Carbon.framework */,
				6AE2200B0208CA9C0CC91562 /* JavaVM.framework */,
				0120612AFEC8923411DB9C8B /* Products */,
			);
			sourceTree = "<group>";
		};
		0120612AFEC8923411DB9C8B /* Products */ = {
			isa = PBXGroup;
			children = (
				4CEBA78F08679EF10015D03E /* libwbp.jnilib */,
			);
			name = Products;
			sourceTree = "<group>";
		};
/* End PBXGroup section */

/* Begin PBXHeadersBuildPhase section */
		4CEBA78B08679EF10015D03E /* Headers */ = {
			isa = PBXHeadersBuildPhase;
			buildActionMask = 2147483647;
			files = (
			);
			runOnlyForDeploymentPostprocessing = 0;
		};
/* End PBXHeadersBuildPhase section */

/* Begin PBXNativeTarget section */
		4CEBA78E08679EF10015D03E /* JNILib */ = {
			isa = PBXNativeTarget;
			buildConfigurationList = 4CEBA79108679F100015D03E /* Build configuration list for PBXNativeTarget "JNILib" */;
			buildPhases = (
				4CEBA78B08679EF10015D03E /* Headers */,
				4CEBA78C08679EF10015D03E /* Sources */,
				4CEBA78D08679EF10015D03E /* Frameworks */,
			);
			buildRules = (
			);
			dependencies = (
			);
			name = JNILib;
			productName = JNILibN;
			productReference = 4CEBA78F08679EF10015D03E /* libwbp.jnilib */;
			productType = "com.apple.product-type.library.dynamic";
		};
/* End PBXNativeTarget section */

/* Begin PBXProject section */
		00E6828EFEC88D1A11DB9C8B /* Project object */ = {
			isa = PBXProject;
			buildConfigurationList = 4CEBA75C08679E4D0015D03E /* Build configuration list for PBXProject "wbp" */;
			compatibilityVersion = "Xcode 2.4";
			developmentRegion = English;
			hasScannedForEncodings = 1;
			knownRegions = (
				English,
				Japanese,
				French,
				German,
			);
			mainGroup = 00E6828FFEC88D1A11DB9C8B;
			productRefGroup = 0120612AFEC8923411DB9C8B /* Products */;
			projectDirPath = "";
			projectRoot = "";
			targets = (
				6A9FA557024694440CC91562 /* wbp */,
				4CEBA78E08679EF10015D03E /* JNILib */,
			);
		};
/* End PBXProject section */

/* Begin PBXSourcesBuildPhase section */
		4CEBA78C08679EF10015D03E /* Sources */ = {
			isa = PBXSourcesBuildPhase;
			buildActionMask = 2147483647;
			files = (
				CB1996230B8B29A000263772 /* wbp.c in Sources */,
			);
			runOnlyForDeploymentPostprocessing = 0;
		};
/* End PBXSourcesBuildPhase section */

/* Begin PBXTargetDependency section */
		4CEBA79A08679F280015D03E /* PBXTargetDependency */ = {
			isa = PBXTargetDependency;
			target = 4CEBA78E08679EF10015D03E /* JNILib */;
			targetProxy = 4CEBA79908679F280015D03E /* PBXContainerItemProxy */;
		};
/* End PBXTargetDependency section */

/* Begin XCBuildConfiguration section */
		4CEBA75908679E4D0015D03E /* Debug */ = {
			isa = XCBuildConfiguration;
			buildSettings = {
				COPY_PHASE_STRIP = NO;
				GCC_DYNAMIC_NO_PIC = NO;
				GCC_ENABLE_FIX_AND_CONTINUE = YES;
				GCC_GENERATE_DEBUGGING_SYMBOLS = YES;
				GCC_OPTIMIZATION_LEVEL = 0;
				OTHER_CFLAGS = "";
				OTHER_LDFLAGS = "";
				OTHER_REZFLAGS = "";
				PRODUCT_NAME = "swt-carbon-print";
				SECTORDER_FLAGS = "";
				WARNING_CFLAGS = (
					"-Wmost",
					"-Wno-four-char-constants",
					"-Wno-unknown-pragmas",
				);
				ZERO_LINK = YES;
			};
			name = Debug;
		};
		4CEBA75A08679E4D0015D03E /* Release */ = {
			isa = XCBuildConfiguration;
			buildSettings = {
				COPY_PHASE_STRIP = YES;
				GCC_ENABLE_FIX_AND_CONTINUE = NO;
				OTHER_CFLAGS = "";
				OTHER_LDFLAGS = "";
				OTHER_REZFLAGS = "";
				PRODUCT_NAME = "swt-carbon-print";
				SECTORDER_FLAGS = "";
				WARNING_CFLAGS = (
					"-Wmost",
					"-Wno-four-char-constants",
					"-Wno-unknown-pragmas",
				);
				ZERO_LINK = NO;
			};
			name = Release;
		};
		4CEBA75D08679E4D0015D03E /* Debug */ = {
			isa = XCBuildConfiguration;
			buildSettings = {
				SDKROOT = /Developer/SDKs/MacOSX10.5.sdk;
				ZERO_LINK = NO;
			};
			name = Debug;
		};
		4CEBA75E08679E4D0015D03E /* Release */ = {
			isa = XCBuildConfiguration;
			buildSettings = {
				SDKROOT = /Developer/SDKs/MacOSX10.5.sdk;
				ZERO_LINK = NO;
			};
			name = Release;
		};
		4CEBA79208679F100015D03E /* Debug */ = {
			isa = XCBuildConfiguration;
			buildSettings = {
				ARCHS = (
					ppc,
					i386,
				);
				COPY_PHASE_STRIP = NO;
				DYLIB_COMPATIBILITY_VERSION = 1;
				DYLIB_CURRENT_VERSION = 1;
				EXECUTABLE_EXTENSION = jnilib;
				EXECUTABLE_PREFIX = lib;
				GCC_GENERATE_DEBUGGING_SYMBOLS = YES;
				GCC_MODEL_TUNING = G5;
				GCC_WARN_UNUSED_VARIABLE = YES;
				HEADER_SEARCH_PATHS = (
					"$(HEADER_SEARCH_PATHS_QUOTED_1)",
					"$(HEADER_SEARCH_PATHS_QUOTED_2)",
				);
				HEADER_SEARCH_PATHS_QUOTED_1 = "\"${OBJROOT}/Headers\"";
				HEADER_SEARCH_PATHS_QUOTED_2 = "\"$(SYSTEM_LIBRARY_DIR)/Frameworks/JavaVM.framework/Headers\"";
				INSTALL_PATH = /usr/local/lib;
				LIBRARY_STYLE = DYNAMIC;
				MACH_O_TYPE = mh_dylib;
				OTHER_CFLAGS = "";
				OTHER_LDFLAGS = "";
				OTHER_REZFLAGS = "";
				PREBINDING = NO;
				PRODUCT_NAME = wbp;
				SECTORDER_FLAGS = "";
				WARNING_CFLAGS = (
					"-Wmost",
					"-Wno-four-char-constants",
					"-Wno-unknown-pragmas",
				);
				ZERO_LINK = NO;
			};
			name = Debug;
		};
		4CEBA79308679F100015D03E /* Release */ = {
			isa = XCBuildConfiguration;
			buildSettings = {
				ARCHS = (
					ppc,
					i386,
				);
				COPY_PHASE_STRIP = YES;
				DYLIB_COMPATIBILITY_VERSION = 1;
				DYLIB_CURRENT_VERSION = 1;
				EXECUTABLE_EXTENSION = jnilib;
				EXECUTABLE_PREFIX = lib;
				GCC_GENERATE_DEBUGGING_SYMBOLS = NO;
				GCC_MODEL_TUNING = G5;
				GCC_WARN_UNUSED_VARIABLE = YES;
				HEADER_SEARCH_PATHS = (
					"$(HEADER_SEARCH_PATHS_QUOTED_1)",
					"$(HEADER_SEARCH_PATHS_QUOTED_2)",
				);
				HEADER_SEARCH_PATHS_QUOTED_1 = "\"${OBJROOT}/Headers\"";
				HEADER_SEARCH_PATHS_QUOTED_2 = "\"$(SYSTEM_LIBRARY_DIR)/Frameworks/JavaVM.framework/Headers\"";
				INSTALL_PATH = /usr/local/lib;
				LIBRARY_STYLE = DYNAMIC;
				MACH_O_TYPE = mh_dylib;
				OTHER_CFLAGS = "";
				OTHER_LDFLAGS = "";
				OTHER_REZFLAGS = "";
				PREBINDING = NO;
				PRODUCT_NAME = wbp;
				SECTORDER_FLAGS = "";
				WARNING_CFLAGS = (
					"-Wmost",
					"-Wno-four-char-constants",
					"-Wno-unknown-pragmas",
				);
				ZERO_LINK = NO;
			};
			name = Release;
		};
/* End XCBuildConfiguration section */

/* Begin XCConfigurationList section */
		4CEBA75808679E4D0015D03E /* Build configuration list for PBXAggregateTarget "wbp" */ = {
			isa = XCConfigurationList;
			buildConfigurations = (
				4CEBA75908679E4D0015D03E /* Debug */,
				4CEBA75A08679E4D0015D03E /* Release */,
			);
			defaultConfigurationIsVisible = 0;
			defaultConfigurationName = Release;
		};
		4CEBA75C08679E4D0015D03E /* Build configuration list for PBXProject "wbp" */ = {
			isa = XCConfigurationList;
			buildConfigurations = (
				4CEBA75D08679E4D0015D03E /* Debug */,
				4CEBA75E08679E4D0015D03E /* Release */,
			);
			defaultConfigurationIsVisible = 0;
			defaultConfigurationName = Release;
		};
		4CEBA79108679F100015D03E /* Build configuration list for PBXNativeTarget "JNILib" */ = {
			isa = XCConfigurationList;
			buildConfigurations = (
				4CEBA79208679F100015D03E /* Debug */,
				4CEBA79308679F100015D03E /* Release */,
			);
			defaultConfigurationIsVisible = 0;
			defaultConfigurationName = Release;
		};
/* End XCConfigurationList section */
	};
	rootObject = 00E6828EFEC88D1A11DB9C8B /* Project object */;
}
